
Microsoft Visual Studio Solution File, Format Version 12.00
# Visual Studio Version 16
VisualStudioVersion = 16.0.31424.327
MinimumVisualStudioVersion = 10.0.40219.1
Project("{FAE04EC0-301F-11D3-BF4B-00C04F79EFBC}") = "DoktorSelector", "DoktorSelector.csproj", "{1B200A87-9B66-41CF-ACA0-4D4F2202C42D}"
EndProject
Global
	GlobalSection(SolutionConfigurationPlatforms) = preSolution
		Debug|Any CPU = Debug|Any CPU
		Release|Any CPU = Release|Any CPU
	EndGlobalSection
	GlobalSection(ProjectConfigurationPlatforms) = postSolution
		{1B200A87-9B66-41CF-ACA0-4D4F2202C42D}.Debug|Any CPU.ActiveCfg = Debug|Any CPU
		{1B200A87-9B66-41CF-ACA0-4D4F2202C42D}.Debug|Any CPU.Build.0 = Debug|Any CPU
		{1B200A87-9B66-41CF-ACA0-4D4F2202C42D}.Release|Any CPU.ActiveCfg = Release|Any CPU
		{1B200A87-9B66-41CF-ACA0-4D4F2202C42D}.Release|Any CPU.Build.0 = Release|Any CPU
	EndGlobalSection
	GlobalSection(SolutionProperties) = preSolution
		HideSolutionNode = FALSE
	EndGlobalSection
	GlobalSection(ExtensibilityGlobals) = postSolution
		SolutionGuid = {86BC22D4-25DE-4B8C-882A-E57C7DB597DC}
	EndGlobalSection
EndGlobal
